// !$*UTF8*$!
{
	archiveVersion = 1;
	classes = {
	};
	objectVersion = 55;
	objects = {

/* Begin PBXBuildFile section */
		2B3AF2372707869A000A986A /* UserList.swift in Sources */ = {isa = PBXBuildFile; fileRef = 2B3AF2362707869A000A986A /* UserList.swift */; };
		2B3AF23C27083B38000A986A /* UserListViewModel.swift in Sources */ = {isa = PBXBuildFile; fileRef = 2B3AF23B27083B38000A986A /* UserListViewModel.swift */; };
		2B3AF2402708725E000A986A /* UserRowView.swift in Sources */ = {isa = PBXBuildFile; fileRef = 2B3AF23F2708725D000A986A /* UserRowView.swift */; };
		2B3AF24227088CD8000A986A /* SelectedUserView.swift in Sources */ = {isa = PBXBuildFile; fileRef = 2B3AF24127088CD7000A986A /* SelectedUserView.swift */; };
		A3AA666F26F4AC650036A55A /* PracticeProjectApp.swift in Sources */ = {isa = PBXBuildFile; fileRef = A3AA666E26F4AC650036A55A /* PracticeProjectApp.swift */; };
		A3AA667126F4AC650036A55A /* ContentView.swift in Sources */ = {isa = PBXBuildFile; fileRef = A3AA667026F4AC650036A55A /* ContentView.swift */; };
		A3AA667326F4AC660036A55A /* Assets.xcassets in Resources */ = {isa = PBXBuildFile; fileRef = A3AA667226F4AC660036A55A /* Assets.xcassets */; };
		A3AA667626F4AC660036A55A /* Preview Assets.xcassets in Resources */ = {isa = PBXBuildFile; fileRef = A3AA667526F4AC660036A55A /* Preview Assets.xcassets */; };
		A3AA667E26F4AC980036A55A /* API.swift in Sources */ = {isa = PBXBuildFile; fileRef = A3AA667D26F4AC980036A55A /* API.swift */; };
/* End PBXBuildFile section */

/* Begin PBXFileReference section */
		2B3AF2362707869A000A986A /* UserList.swift */ = {isa = PBXFileReference; lastKnownFileType = sourcecode.swift; path = UserList.swift; sourceTree = "<group>"; };
		2B3AF23B27083B38000A986A /* UserListViewModel.swift */ = {isa = PBXFileReference; lastKnownFileType = sourcecode.swift; path = UserListViewModel.swift; sourceTree = "<group>"; };
		2B3AF23F2708725D000A986A /* UserRowView.swift */ = {isa = PBXFileReference; lastKnownFileType = sourcecode.swift; path = UserRowView.swift; sourceTree = "<group>"; };
		2B3AF24127088CD7000A986A /* SelectedUserView.swift */ = {isa = PBXFileReference; lastKnownFileType = sourcecode.swift; path = SelectedUserView.swift; sourceTree = "<group>"; };
		A3AA666B26F4AC650036A55A /* PracticeProject.app */ = {isa = PBXFileReference; explicitFileType = wrapper.application; includeInIndex = 0; path = PracticeProject.app; sourceTree = BUILT_PRODUCTS_DIR; };
		A3AA666E26F4AC650036A55A /* PracticeProjectApp.swift */ = {isa = PBXFileReference; lastKnownFileType = sourcecode.swift; path = PracticeProjectApp.swift; sourceTree = "<group>"; };
		A3AA667026F4AC650036A55A /* ContentView.swift */ = {isa = PBXFileReference; lastKnownFileType = sourcecode.swift; path = ContentView.swift; sourceTree = "<group>"; };
		A3AA667226F4AC660036A55A /* Assets.xcassets */ = {isa = PBXFileReference; lastKnownFileType = folder.assetcatalog; path = Assets.xcassets; sourceTree = "<group>"; };
		A3AA667526F4AC660036A55A /* Preview Assets.xcassets */ = {isa = PBXFileReference; lastKnownFileType = folder.assetcatalog; path = "Preview Assets.xcassets"; sourceTree = "<group>"; };
		A3AA667D26F4AC980036A55A /* API.swift */ = {isa = PBXFileReference; lastKnownFileType = sourcecode.swift; path = API.swift; sourceTree = "<group>"; };
		A3AA667F26F4AE2F0036A55A /* README.md */ = {isa = PBXFileReference; lastKnownFileType = net.daringfireball.markdown; path = README.md; sourceTree = "<group>"; };
/* End PBXFileReference section */

/* Begin PBXFrameworksBuildPhase section */
		A3AA666826F4AC650036A55A /* Frameworks */ = {
			isa = PBXFrameworksBuildPhase;
			buildActionMask = 2147483647;
			files = (
			);
			runOnlyForDeploymentPostprocessing = 0;
		};
/* End PBXFrameworksBuildPhase section */

/* Begin PBXGroup section */
		2B3AF23527075790000A986A /* Model */ = {
			isa = PBXGroup;
			children = (
				2B3AF2362707869A000A986A /* UserList.swift */,
			);
			path = Model;
			sourceTree = "<group>";
		};
		2B3AF23A27083B18000A986A /* ViewModel */ = {
			isa = PBXGroup;
			children = (
				2B3AF23B27083B38000A986A /* UserListViewModel.swift */,
			);
			path = ViewModel;
			sourceTree = "<group>";
		};
		2B3AF23D2708723E000A986A /* Views */ = {
			isa = PBXGroup;
			children = (
				2B3AF23F2708725D000A986A /* UserRowView.swift */,
				2B3AF24127088CD7000A986A /* SelectedUserView.swift */,
			);
			path = Views;
			sourceTree = "<group>";
		};
		A3AA666226F4AC650036A55A = {
			isa = PBXGroup;
			children = (
				A3AA666D26F4AC650036A55A /* PracticeProject */,
				A3AA666C26F4AC650036A55A /* Products */,
			);
			sourceTree = "<group>";
		};
		A3AA666C26F4AC650036A55A /* Products */ = {
			isa = PBXGroup;
			children = (
				A3AA666B26F4AC650036A55A /* PracticeProject.app */,
			);
			name = Products;
			sourceTree = "<group>";
		};
		A3AA666D26F4AC650036A55A /* PracticeProject */ = {
			isa = PBXGroup;
			children = (
				2B3AF23D2708723E000A986A /* Views */,
				2B3AF23A27083B18000A986A /* ViewModel */,
				2B3AF23527075790000A986A /* Model */,
				A3AA667C26F4AC870036A55A /* API */,
				A3AA666E26F4AC650036A55A /* PracticeProjectApp.swift */,
				A3AA667026F4AC650036A55A /* ContentView.swift */,
				A3AA667F26F4AE2F0036A55A /* README.md */,
				A3AA667226F4AC660036A55A /* Assets.xcassets */,
				A3AA667426F4AC660036A55A /* Preview Content */,
			);
			path = PracticeProject;
			sourceTree = "<group>";
		};
		A3AA667426F4AC660036A55A /* Preview Content */ = {
			isa = PBXGroup;
			children = (
				A3AA667526F4AC660036A55A /* Preview Assets.xcassets */,
			);
			path = "Preview Content";
			sourceTree = "<group>";
		};
		A3AA667C26F4AC870036A55A /* API */ = {
			isa = PBXGroup;
			children = (
				A3AA667D26F4AC980036A55A /* API.swift */,
			);
			path = API;
			sourceTree = "<group>";
		};
/* End PBXGroup section */

/* Begin PBXNativeTarget section */
		A3AA666A26F4AC650036A55A /* PracticeProject */ = {
			isa = PBXNativeTarget;
			buildConfigurationList = A3AA667926F4AC660036A55A /* Build configuration list for PBXNativeTarget "PracticeProject" */;
			buildPhases = (
				A3AA666726F4AC650036A55A /* Sources */,
				A3AA666826F4AC650036A55A /* Frameworks */,
				A3AA666926F4AC650036A55A /* Resources */,
			);
			buildRules = (
			);
			dependencies = (
			);
			name = PracticeProject;
			productName = PracticeProject;
			productReference = A3AA666B26F4AC650036A55A /* PracticeProject.app */;
			productType = "com.apple.product-type.application";
		};
/* End PBXNativeTarget section */

/* Begin PBXProject section */
		A3AA666326F4AC650036A55A /* Project object */ = {
			isa = PBXProject;
			attributes = {
				BuildIndependentTargetsInParallel = 1;
				LastSwiftUpdateCheck = 1300;
				LastUpgradeCheck = 1300;
				TargetAttributes = {
					A3AA666A26F4AC650036A55A = {
						CreatedOnToolsVersion = 13.0;
					};
				};
			};
			buildConfigurationList = A3AA666626F4AC650036A55A /* Build configuration list for PBXProject "PracticeProject" */;
			compatibilityVersion = "Xcode 13.0";
			developmentRegion = en;
			hasScannedForEncodings = 0;
			knownRegions = (
				en,
				Base,
			);
			mainGroup = A3AA666226F4AC650036A55A;
			productRefGroup = A3AA666C26F4AC650036A55A /* Products */;
			projectDirPath = "";
			projectRoot = "";
			targets = (
				A3AA666A26F4AC650036A55A /* PracticeProject */,
			);
		};
/* End PBXProject section */

/* Begin PBXResourcesBuildPhase section */
		A3AA666926F4AC650036A55A /* Resources */ = {
			isa = PBXResourcesBuildPhase;
			buildActionMask = 2147483647;
			files = (
				A3AA667626F4AC660036A55A /* Preview Assets.xcassets in Resources */,
				A3AA667326F4AC660036A55A /* Assets.xcassets in Resources */,
			);
			runOnlyForDeploymentPostprocessing = 0;
		};
/* End PBXResourcesBuildPhase section */

/* Begin PBXSourcesBuildPhase section */
		A3AA666726F4AC650036A55A /* Sources */ = {
			isa = PBXSourcesBuildPhase;
			buildActionMask = 2147483647;
			files = (
				2B3AF24227088CD8000A986A /* SelectedUserView.swift in Sources */,
				2B3AF2372707869A000A986A /* UserList.swift in Sources */,
				A3AA667126F4AC650036A55A /* ContentView.swift in Sources */,
				A3AA667E26F4AC980036A55A /* API.swift in Sources */,
				A3AA666F26F4AC650036A55A /* PracticeProjectApp.swift in Sources */,
				2B3AF2402708725E000A986A /* UserRowView.swift in Sources */,
				2B3AF23C27083B38000A986A /* UserListViewModel.swift in Sources */,
			);
			runOnlyForDeploymentPostprocessing = 0;
		};
/* End PBXSourcesBuildPhase section */

/* Begin XCBuildConfiguration section */
		A3AA667726F4AC660036A55A /* Debug */ = {
			isa = XCBuildConfiguration;
			buildSettings = {
				ALWAYS_SEARCH_USER_PATHS = NO;
				CLANG_ANALYZER_NONNULL = YES;
				CLANG_ANALYZER_NUMBER_OBJECT_CONVERSION = YES_AGGRESSIVE;
				CLANG_CXX_LANGUAGE_STANDARD = "gnu++17";
				CLANG_CXX_LIBRARY = "libc++";
				CLANG_ENABLE_MODULES = YES;
				CLANG_ENABLE_OBJC_ARC = YES;
				CLANG_ENABLE_OBJC_WEAK = YES;
				CLANG_WARN_BLOCK_CAPTURE_AUTORELEASING = YES;
				CLANG_WARN_BOOL_CONVERSION = YES;
				CLANG_WARN_COMMA = YES;
				CLANG_WARN_CONSTANT_CONVERSION = YES;
				CLANG_WARN_DEPRECATED_OBJC_IMPLEMENTATIONS = YES;
				CLANG_WARN_DIRECT_OBJC_ISA_USAGE = YES_ERROR;
				CLANG_WARN_DOCUMENTATION_COMMENTS = YES;
				CLANG_WARN_EMPTY_BODY = YES;
				CLANG_WARN_ENUM_CONVERSION = YES;
				CLANG_WARN_INFINITE_RECURSION = YES;
				CLANG_WARN_INT_CONVERSION = YES;
				CLANG_WARN_NON_LITERAL_NULL_CONVERSION = YES;
				CLANG_WARN_OBJC_IMPLICIT_RETAIN_SELF = YES;
				CLANG_WARN_OBJC_LITERAL_CONVERSION = YES;
				CLANG_WARN_OBJC_ROOT_CLASS = YES_ERROR;
				CLANG_WARN_QUOTED_INCLUDE_IN_FRAMEWORK_HEADER = YES;
				CLANG_WARN_RANGE_LOOP_ANALYSIS = YES;
				CLANG_WARN_STRICT_PROTOTYPES = YES;
				CLANG_WARN_SUSPICIOUS_MOVE = YES;
				CLANG_WARN_UNGUARDED_AVAILABILITY = YES_AGGRESSIVE;
				CLANG_WARN_UNREACHABLE_CODE = YES;
				CLANG_WARN__DUPLICATE_METHOD_MATCH = YES;
				COPY_PHASE_STRIP = NO;
				DEBUG_INFORMATION_FORMAT = dwarf;
				ENABLE_STRICT_OBJC_MSGSEND = YES;
				ENABLE_TESTABILITY = YES;
				GCC_C_LANGUAGE_STANDARD = gnu11;
				GCC_DYNAMIC_NO_PIC = NO;
				GCC_NO_COMMON_BLOCKS = YES;
				GCC_OPTIMIZATION_LEVEL = 0;
				GCC_PREPROCESSOR_DEFINITIONS = (
					"DEBUG=1",
					"$(inherited)",
				);
				GCC_WARN_64_TO_32_BIT_CONVERSION = YES;
				GCC_WARN_ABOUT_RETURN_TYPE = YES_ERROR;
				GCC_WARN_UNDECLARED_SELECTOR = YES;
				GCC_WARN_UNINITIALIZED_AUTOS = YES_AGGRESSIVE;
				GCC_WARN_UNUSED_FUNCTION = YES;
				GCC_WARN_UNUSED_VARIABLE = YES;
				IPHONEOS_DEPLOYMENT_TARGET = 15.0;
				MTL_ENABLE_DEBUG_INFO = INCLUDE_SOURCE;
				MTL_FAST_MATH = YES;
				ONLY_ACTIVE_ARCH = YES;
				SDKROOT = iphoneos;
				SWIFT_ACTIVE_COMPILATION_CONDITIONS = DEBUG;
				SWIFT_OPTIMIZATION_LEVEL = "-Onone";
			};
			name = Debug;
		};
		A3AA667826F4AC660036A55A /* Release */ = {
			isa = XCBuildConfiguration;
			buildSettings = {
				ALWAYS_SEARCH_USER_PATHS = NO;
				CLANG_ANALYZER_NONNULL = YES;
				CLANG_ANALYZER_NUMBER_OBJECT_CONVERSION = YES_AGGRESSIVE;
				CLANG_CXX_LANGUAGE_STANDARD = "gnu++17";
				CLANG_CXX_LIBRARY = "libc++";
				CLANG_ENABLE_MODULES = YES;
				CLANG_ENABLE_OBJC_ARC = YES;
				CLANG_ENABLE_OBJC_WEAK = YES;
				CLANG_WARN_BLOCK_CAPTURE_AUTORELEASING = YES;
				CLANG_WARN_BOOL_CONVERSION = YES;
				CLANG_WARN_COMMA = YES;
				CLANG_WARN_CONSTANT_CONVERSION = YES;
				CLANG_WARN_DEPRECATED_OBJC_IMPLEMENTATIONS = YES;
				CLANG_WARN_DIRECT_OBJC_ISA_USAGE = YES_ERROR;
				CLANG_WARN_DOCUMENTATION_COMMENTS = YES;
				CLANG_WARN_EMPTY_BODY = YES;
				CLANG_WARN_ENUM_CONVERSION = YES;
				CLANG_WARN_INFINITE_RECURSION = YES;
				CLANG_WARN_INT_CONVERSION = YES;
				CLANG_WARN_NON_LITERAL_NULL_CONVERSION = YES;
				CLANG_WARN_OBJC_IMPLICIT_RETAIN_SELF = YES;
				CLANG_WARN_OBJC_LITERAL_CONVERSION = YES;
				CLANG_WARN_OBJC_ROOT_CLASS = YES_ERROR;
				CLANG_WARN_QUOTED_INCLUDE_IN_FRAMEWORK_HEADER = YES;
				CLANG_WARN_RANGE_LOOP_ANALYSIS = YES;
				CLANG_WARN_STRICT_PROTOTYPES = YES;
				CLANG_WARN_SUSPICIOUS_MOVE = YES;
				CLANG_WARN_UNGUARDED_AVAILABILITY = YES_AGGRESSIVE;
				CLANG_WARN_UNREACHABLE_CODE = YES;
				CLANG_WARN__DUPLICATE_METHOD_MATCH = YES;
				COPY_PHASE_STRIP = NO;
				DEBUG_INFORMATION_FORMAT = "dwarf-with-dsym";
				ENABLE_NS_ASSERTIONS = NO;
				ENABLE_STRICT_OBJC_MSGSEND = YES;
				GCC_C_LANGUAGE_STANDARD = gnu11;
				GCC_NO_COMMON_BLOCKS = YES;
				GCC_WARN_64_TO_32_BIT_CONVERSION = YES;
				GCC_WARN_ABOUT_RETURN_TYPE = YES_ERROR;
				GCC_WARN_UNDECLARED_SELECTOR = YES;
				GCC_WARN_UNINITIALIZED_AUTOS = YES_AGGRESSIVE;
				GCC_WARN_UNUSED_FUNCTION = YES;
				GCC_WARN_UNUSED_VARIABLE = YES;
				IPHONEOS_DEPLOYMENT_TARGET = 15.0;
				MTL_ENABLE_DEBUG_INFO = NO;
				MTL_FAST_MATH = YES;
				SDKROOT = iphoneos;
				SWIFT_COMPILATION_MODE = wholemodule;
				SWIFT_OPTIMIZATION_LEVEL = "-O";
				VALIDATE_PRODUCT = YES;
			};
			name = Release;
		};
		A3AA667A26F4AC660036A55A /* Debug */ = {
			isa = XCBuildConfiguration;
			buildSettings = {
				ASSETCATALOG_COMPILER_APPICON_NAME = AppIcon;
				ASSETCATALOG_COMPILER_GLOBAL_ACCENT_COLOR_NAME = AccentColor;
				CODE_SIGN_STYLE = Automatic;
				CURRENT_PROJECT_VERSION = 1;
				DEVELOPMENT_ASSET_PATHS = "\"PracticeProject/Preview Content\"";
				ENABLE_PREVIEWS = YES;
				GENERATE_INFOPLIST_FILE = YES;
				INFOPLIST_KEY_UIApplicationSceneManifest_Generation = YES;
				INFOPLIST_KEY_UIApplicationSupportsIndirectInputEvents = YES;
				INFOPLIST_KEY_UILaunchScreen_Generation = YES;
				INFOPLIST_KEY_UISupportedInterfaceOrientations_iPad = "UIInterfaceOrientationPortrait UIInterfaceOrientationPortraitUpsideDown UIInterfaceOrientationLandscapeLeft UIInterfaceOrientationLandscapeRight";
				INFOPLIST_KEY_UISupportedInterfaceOrientations_iPhone = "UIInterfaceOrientationPortrait UIInterfaceOrientationLandscapeLeft UIInterfaceOrientationLandscapeRight";
				IPHONEOS_DEPLOYMENT_TARGET = 14.0;
				LD_RUNPATH_SEARCH_PATHS = (
					"$(inherited)",
					"@executable_path/Frameworks",
				);
				MARKETING_VERSION = 1.0;
				PRODUCT_BUNDLE_IDENTIFIER = eu.nets.PracticeProject;
				PRODUCT_NAME = "$(TARGET_NAME)";
				SWIFT_EMIT_LOC_STRINGS = YES;
				SWIFT_VERSION = 5.0;
				TARGETED_DEVICE_FAMILY = "1,2";
			};
			name = Debug;
		};
		A3AA667B26F4AC660036A55A /* Release */ = {
			isa = XCBuildConfiguration;
			buildSettings = {
				ASSETCATALOG_COMPILER_APPICON_NAME = AppIcon;
				ASSETCATALOG_COMPILER_GLOBAL_ACCENT_COLOR_NAME = AccentColor;
				CODE_SIGN_STYLE = Automatic;
				CURRENT_PROJECT_VERSION = 1;
				DEVELOPMENT_ASSET_PATHS = "\"PracticeProject/Preview Content\"";
				ENABLE_PREVIEWS = YES;
				GENERATE_INFOPLIST_FILE = YES;
				INFOPLIST_KEY_UIApplicationSceneManifest_Generation = YES;
				INFOPLIST_KEY_UIApplicationSupportsIndirectInputEvents = YES;
				INFOPLIST_KEY_UILaunchScreen_Generation = YES;
				INFOPLIST_KEY_UISupportedInterfaceOrientations_iPad = "UIInterfaceOrientationPortrait UIInterfaceOrientationPortraitUpsideDown UIInterfaceOrientationLandscapeLeft UIInterfaceOrientationLandscapeRight";
				INFOPLIST_KEY_UISupportedInterfaceOrientations_iPhone = "UIInterfaceOrientationPortrait UIInterfaceOrientationLandscapeLeft UIInterfaceOrientationLandscapeRight";
				IPHONEOS_DEPLOYMENT_TARGET = 14.0;
				LD_RUNPATH_SEARCH_PATHS = (
					"$(inherited)",
					"@executable_path/Frameworks",
				);
				MARKETING_VERSION = 1.0;
				PRODUCT_BUNDLE_IDENTIFIER = eu.nets.PracticeProject;
				PRODUCT_NAME = "$(TARGET_NAME)";
				SWIFT_EMIT_LOC_STRINGS = YES;
				SWIFT_VERSION = 5.0;
				TARGETED_DEVICE_FAMILY = "1,2";
			};
			name = Release;
		};
/* End XCBuildConfiguration section */

/* Begin XCConfigurationList section */
		A3AA666626F4AC650036A55A /* Build configuration list for PBXProject "PracticeProject" */ = {
			isa = XCConfigurationList;
			buildConfigurations = (
				A3AA667726F4AC660036A55A /* Debug */,
				A3AA667826F4AC660036A55A /* Release */,
			);
			defaultConfigurationIsVisible = 0;
			defaultConfigurationName = Release;
		};
		A3AA667926F4AC660036A55A /* Build configuration list for PBXNativeTarget "PracticeProject" */ = {
			isa = XCConfigurationList;
			buildConfigurations = (
				A3AA667A26F4AC660036A55A /* Debug */,
				A3AA667B26F4AC660036A55A /* Release */,
			);
			defaultConfigurationIsVisible = 0;
			defaultConfigurationName = Release;
		};
/* End XCConfigurationList section */
	};
	rootObject = A3AA666326F4AC650036A55A /* Project object */;
}
